{
  "requires": true,
  "lockfileVersion": 1,
  "dependencies": {
    "react-native-device-info": {
      "version": "7.2.1",
      "resolved": "https://registry.npmjs.org/react-native-device-info/-/react-native-device-info-7.2.1.tgz",
      "integrity": "sha512-7zn2cASst13qlSSGsKOhGsPpeX2yV0O69s7o0kc/4E00VqWrlpx241YB09AL2ZerCPsVOPdKcAvXM+wcJ9xQTw=="
    }
  }
}
